
Microsoft Visual Studio Solution File, Format Version 12.00
# Visual Studio 15
VisualStudioVersion = 15.0.26403.7
MinimumVisualStudioVersion = 10.0.40219.1
Project("{FAE04EC0-301F-11D3-BF4B-00C04F79EFBC}") = "FactorsDoWhileOneal", "FactorsDoWhileOneal\FactorsDoWhileOneal.csproj", "{A5D58CB2-E96D-4BBB-BB34-D23544C5CEBA}"
EndProject
Global
	GlobalSection(SolutionConfigurationPlatforms) = preSolution
		Debug|Any CPU = Debug|Any CPU
		Release|Any CPU = Release|Any CPU
	EndGlobalSection
	GlobalSection(ProjectConfigurationPlatforms) = postSolution
		{A5D58CB2-E96D-4BBB-BB34-D23544C5CEBA}.Debug|Any CPU.ActiveCfg = Debug|Any CPU
		{A5D58CB2-E96D-4BBB-BB34-D23544C5CEBA}.Debug|Any CPU.Build.0 = Debug|Any CPU
		{A5D58CB2-E96D-4BBB-BB34-D23544C5CEBA}.Release|Any CPU.ActiveCfg = Release|Any CPU
		{A5D58CB2-E96D-4BBB-BB34-D23544C5CEBA}.Release|Any CPU.Build.0 = Release|Any CPU
	EndGlobalSection
	GlobalSection(SolutionProperties) = preSolution
		HideSolutionNode = FALSE
	EndGlobalSection
EndGlobal
